
Microsoft Visual Studio Solution File, Format Version 12.00
# Visual Studio Version 17
VisualStudioVersion = 17.13.35825.156 d17.13
MinimumVisualStudioVersion = 10.0.40219.1
Project("{FAE04EC0-301F-11D3-BF4B-00C04F79EFBC}") = "SimpleHotelRoomManagementProject", "SimpleHotelRoomManagementProject.csproj", "{9140E31D-CDF0-491D-8D03-D1512661AEB9}"
EndProject
Global
	GlobalSection(SolutionConfigurationPlatforms) = preSolution
		Debug|Any CPU = Debug|Any CPU
		Release|Any CPU = Release|Any CPU
	EndGlobalSection
	GlobalSection(ProjectConfigurationPlatforms) = postSolution
		{9140E31D-CDF0-491D-8D03-D1512661AEB9}.Debug|Any CPU.ActiveCfg = Debug|Any CPU
		{9140E31D-CDF0-491D-8D03-D1512661AEB9}.Debug|Any CPU.Build.0 = Debug|Any CPU
		{9140E31D-CDF0-491D-8D03-D1512661AEB9}.Release|Any CPU.ActiveCfg = Release|Any CPU
		{9140E31D-CDF0-491D-8D03-D1512661AEB9}.Release|Any CPU.Build.0 = Release|Any CPU
	EndGlobalSection
	GlobalSection(SolutionProperties) = preSolution
		HideSolutionNode = FALSE
	EndGlobalSection
	GlobalSection(ExtensibilityGlobals) = postSolution
		SolutionGuid = {C1481761-C274-42A3-9D2E-85BFEC77FA3A}
	EndGlobalSection
EndGlobal
